<?xml version="1.0" encoding="utf-8"?>
<Project ToolsVersion="4.0" xmlns="http://schemas.microsoft.com/developer/msbuild/2003">
  <ItemGroup>
    <Filter Include="Scenes">
      <UniqueIdentifier>{e837ba64-e5d2-44e9-9116-5a742690f3af}</UniqueIdentifier>
    </Filter>
    <Filter Include="Contents">
      <UniqueIdentifier>{b39ab80e-e3e4-41d3-a7eb-85af811de7a7}</UniqueIdentifier>
    </Filter>
  </ItemGroup>
  <ItemGroup>
    <ClInclude Include="LoadScenes.h">
      <Filter>Scenes</Filter>
    </ClInclude>
    <ClInclude Include="PlayScene.h">
      <Filter>Scenes</Filter>
    </ClInclude>
    <ClInclude Include="..\PoEngineSource\Player.h">
      <Filter>Contents</Filter>
    </ClInclude>
    <ClInclude Include="TitleScene.h">
      <Filter>Scenes</Filter>
    </ClInclude>
    <ClInclude Include="framework.h">
      <Filter>Contents</Filter>
    </ClInclude>
  </ItemGroup>
  <ItemGroup>
    <ClCompile Include="PlayScene.cpp">
      <Filter>Scenes</Filter>
    </ClCompile>
    <ClCompile Include="..\PoEngineSource\Player.cpp">
      <Filter>Contents</Filter>
    </ClCompile>
    <ClCompile Include="PoEngineLib.cpp">
      <Filter>Contents</Filter>
    </ClCompile>
    <ClCompile Include="TitleScene.cpp">
      <Filter>Scenes</Filter>
    </ClCompile>
  </ItemGroup>
</Project>